// !$*UTF8*$!
{
	archiveVersion = 1;
	classes = {
	};
	objectVersion = 50;
	objects = {

/* Begin PBXBuildFile section */
		297EF0A5348622044257902E /* Pods_StalkerTests.framework in Frameworks */ = {isa = PBXBuildFile; fileRef = 00F9707D38B4F0AF0F63BAFB /* Pods_StalkerTests.framework */; };
		8A13BA29227BC9F500E8617F /* AppDelegate.swift in Sources */ = {isa = PBXBuildFile; fileRef = 8A13BA28227BC9F500E8617F /* AppDelegate.swift */; };
		8A13BA2E227BC9F500E8617F /* Main.storyboard in Resources */ = {isa = PBXBuildFile; fileRef = 8A13BA2C227BC9F500E8617F /* Main.storyboard */; };
		8A13BA30227BC9F600E8617F /* Assets.xcassets in Resources */ = {isa = PBXBuildFile; fileRef = 8A13BA2F227BC9F600E8617F /* Assets.xcassets */; };
		8A13BA33227BC9F600E8617F /* LaunchScreen.storyboard in Resources */ = {isa = PBXBuildFile; fileRef = 8A13BA31227BC9F600E8617F /* LaunchScreen.storyboard */; };
		8A13BA3E227BC9F600E8617F /* StalkerTests.swift in Sources */ = {isa = PBXBuildFile; fileRef = 8A13BA3D227BC9F600E8617F /* StalkerTests.swift */; };
		8A13BA49227BCB1000E8617F /* Podfile in Resources */ = {isa = PBXBuildFile; fileRef = 8A13BA48227BCB1000E8617F /* Podfile */; };
		8A13BA4B227BD02C00E8617F /* StalkerNetworkService.swift in Sources */ = {isa = PBXBuildFile; fileRef = 8A13BA4A227BD02C00E8617F /* StalkerNetworkService.swift */; };
		8A13BA4D227BDA3E00E8617F /* NewsArticle.swift in Sources */ = {isa = PBXBuildFile; fileRef = 8A13BA4C227BDA3E00E8617F /* NewsArticle.swift */; };
		8A13BA50227BDA9400E8617F /* NewsArticles.swift in Sources */ = {isa = PBXBuildFile; fileRef = 8A13BA4F227BDA9400E8617F /* NewsArticles.swift */; };
		8A13BA53227BE05B00E8617F /* ArticleListViewController.swift in Sources */ = {isa = PBXBuildFile; fileRef = 8A13BA51227BE05B00E8617F /* ArticleListViewController.swift */; };
		8A13BA54227BE05B00E8617F /* ArticleListViewController.xib in Resources */ = {isa = PBXBuildFile; fileRef = 8A13BA52227BE05B00E8617F /* ArticleListViewController.xib */; };
		8A3318A6227E024300920A97 /* ArticleListTableViewCell.swift in Sources */ = {isa = PBXBuildFile; fileRef = 8A3318A4227E024300920A97 /* ArticleListTableViewCell.swift */; };
		8A3318A7227E024300920A97 /* ArticleListTableViewCell.xib in Resources */ = {isa = PBXBuildFile; fileRef = 8A3318A5227E024300920A97 /* ArticleListTableViewCell.xib */; };
		8A3318AA227E026200920A97 /* ArticleListLoadMoreTableViewCell.swift in Sources */ = {isa = PBXBuildFile; fileRef = 8A3318A8227E026200920A97 /* ArticleListLoadMoreTableViewCell.swift */; };
		8A3318AB227E026200920A97 /* ArticleListLoadMoreTableViewCell.xib in Resources */ = {isa = PBXBuildFile; fileRef = 8A3318A9227E026200920A97 /* ArticleListLoadMoreTableViewCell.xib */; };
		8ADDC424227E94A3004FB625 /* ArticleContentViewController.swift in Sources */ = {isa = PBXBuildFile; fileRef = 8ADDC422227E94A3004FB625 /* ArticleContentViewController.swift */; };
		8ADDC425227E94A3004FB625 /* ArticleContentViewController.xib in Resources */ = {isa = PBXBuildFile; fileRef = 8ADDC423227E94A3004FB625 /* ArticleContentViewController.xib */; };
		8ADDC429227F5748004FB625 /* ArticleListHeaderView.swift in Sources */ = {isa = PBXBuildFile; fileRef = 8ADDC428227F5748004FB625 /* ArticleListHeaderView.swift */; };
		8ADDC42B227F575C004FB625 /* ArticleListHeaderView.xib in Resources */ = {isa = PBXBuildFile; fileRef = 8ADDC42A227F575C004FB625 /* ArticleListHeaderView.xib */; };
		FABD8215D44E75BBFEF45746 /* Pods_Stalker.framework in Frameworks */ = {isa = PBXBuildFile; fileRef = AE188CF8EEA339DFF66B148C /* Pods_Stalker.framework */; };
/* End PBXBuildFile section */

/* Begin PBXContainerItemProxy section */
		8A13BA3A227BC9F600E8617F /* PBXContainerItemProxy */ = {
			isa = PBXContainerItemProxy;
			containerPortal = 8A13BA1D227BC9F500E8617F /* Project object */;
			proxyType = 1;
			remoteGlobalIDString = 8A13BA24227BC9F500E8617F;
			remoteInfo = Stalker;
		};
/* End PBXContainerItemProxy section */

/* Begin PBXFileReference section */
		00F9707D38B4F0AF0F63BAFB /* Pods_StalkerTests.framework */ = {isa = PBXFileReference; explicitFileType = wrapper.framework; includeInIndex = 0; path = Pods_StalkerTests.framework; sourceTree = BUILT_PRODUCTS_DIR; };
		362D0F921979425C164B3263 /* Pods-StalkerTests.debug.xcconfig */ = {isa = PBXFileReference; includeInIndex = 1; lastKnownFileType = text.xcconfig; name = "Pods-StalkerTests.debug.xcconfig"; path = "Target Support Files/Pods-StalkerTests/Pods-StalkerTests.debug.xcconfig"; sourceTree = "<group>"; };
		8A13BA25227BC9F500E8617F /* Stalker.app */ = {isa = PBXFileReference; explicitFileType = wrapper.application; includeInIndex = 0; path = Stalker.app; sourceTree = BUILT_PRODUCTS_DIR; };
		8A13BA28227BC9F500E8617F /* AppDelegate.swift */ = {isa = PBXFileReference; lastKnownFileType = sourcecode.swift; path = AppDelegate.swift; sourceTree = "<group>"; };
		8A13BA2D227BC9F500E8617F /* Base */ = {isa = PBXFileReference; lastKnownFileType = file.storyboard; name = Base; path = Base.lproj/Main.storyboard; sourceTree = "<group>"; };
		8A13BA2F227BC9F600E8617F /* Assets.xcassets */ = {isa = PBXFileReference; lastKnownFileType = folder.assetcatalog; path = Assets.xcassets; sourceTree = "<group>"; };
		8A13BA32227BC9F600E8617F /* Base */ = {isa = PBXFileReference; lastKnownFileType = file.storyboard; name = Base; path = Base.lproj/LaunchScreen.storyboard; sourceTree = "<group>"; };
		8A13BA34227BC9F600E8617F /* Info.plist */ = {isa = PBXFileReference; lastKnownFileType = text.plist.xml; path = Info.plist; sourceTree = "<group>"; };
		8A13BA39227BC9F600E8617F /* StalkerTests.xctest */ = {isa = PBXFileReference; explicitFileType = wrapper.cfbundle; includeInIndex = 0; path = StalkerTests.xctest; sourceTree = BUILT_PRODUCTS_DIR; };
		8A13BA3D227BC9F600E8617F /* StalkerTests.swift */ = {isa = PBXFileReference; lastKnownFileType = sourcecode.swift; path = StalkerTests.swift; sourceTree = "<group>"; };
		8A13BA3F227BC9F600E8617F /* Info.plist */ = {isa = PBXFileReference; lastKnownFileType = text.plist.xml; path = Info.plist; sourceTree = "<group>"; };
		8A13BA48227BCB1000E8617F /* Podfile */ = {isa = PBXFileReference; fileEncoding = 4; lastKnownFileType = text; path = Podfile; sourceTree = SOURCE_ROOT; xcLanguageSpecificationIdentifier = xcode.lang.ruby; };
		8A13BA4A227BD02C00E8617F /* StalkerNetworkService.swift */ = {isa = PBXFileReference; lastKnownFileType = sourcecode.swift; path = StalkerNetworkService.swift; sourceTree = "<group>"; };
		8A13BA4C227BDA3E00E8617F /* NewsArticle.swift */ = {isa = PBXFileReference; lastKnownFileType = sourcecode.swift; path = NewsArticle.swift; sourceTree = "<group>"; };
		8A13BA4F227BDA9400E8617F /* NewsArticles.swift */ = {isa = PBXFileReference; lastKnownFileType = sourcecode.swift; path = NewsArticles.swift; sourceTree = "<group>"; };
		8A13BA51227BE05B00E8617F /* ArticleListViewController.swift */ = {isa = PBXFileReference; lastKnownFileType = sourcecode.swift; path = ArticleListViewController.swift; sourceTree = "<group>"; };
		8A13BA52227BE05B00E8617F /* ArticleListViewController.xib */ = {isa = PBXFileReference; lastKnownFileType = file.xib; path = ArticleListViewController.xib; sourceTree = "<group>"; };
		8A3318A4227E024300920A97 /* ArticleListTableViewCell.swift */ = {isa = PBXFileReference; lastKnownFileType = sourcecode.swift; path = ArticleListTableViewCell.swift; sourceTree = "<group>"; };
		8A3318A5227E024300920A97 /* ArticleListTableViewCell.xib */ = {isa = PBXFileReference; lastKnownFileType = file.xib; path = ArticleListTableViewCell.xib; sourceTree = "<group>"; };
		8A3318A8227E026200920A97 /* ArticleListLoadMoreTableViewCell.swift */ = {isa = PBXFileReference; lastKnownFileType = sourcecode.swift; path = ArticleListLoadMoreTableViewCell.swift; sourceTree = "<group>"; };
		8A3318A9227E026200920A97 /* ArticleListLoadMoreTableViewCell.xib */ = {isa = PBXFileReference; lastKnownFileType = file.xib; path = ArticleListLoadMoreTableViewCell.xib; sourceTree = "<group>"; };
		8ADDC422227E94A3004FB625 /* ArticleContentViewController.swift */ = {isa = PBXFileReference; lastKnownFileType = sourcecode.swift; path = ArticleContentViewController.swift; sourceTree = "<group>"; };
		8ADDC423227E94A3004FB625 /* ArticleContentViewController.xib */ = {isa = PBXFileReference; lastKnownFileType = file.xib; path = ArticleContentViewController.xib; sourceTree = "<group>"; };
		8ADDC428227F5748004FB625 /* ArticleListHeaderView.swift */ = {isa = PBXFileReference; lastKnownFileType = sourcecode.swift; path = ArticleListHeaderView.swift; sourceTree = "<group>"; };
		8ADDC42A227F575C004FB625 /* ArticleListHeaderView.xib */ = {isa = PBXFileReference; lastKnownFileType = file.xib; path = ArticleListHeaderView.xib; sourceTree = "<group>"; };
		90060655A2CA5F077DA24990 /* Pods-StalkerTests.release.xcconfig */ = {isa = PBXFileReference; includeInIndex = 1; lastKnownFileType = text.xcconfig; name = "Pods-StalkerTests.release.xcconfig"; path = "Target Support Files/Pods-StalkerTests/Pods-StalkerTests.release.xcconfig"; sourceTree = "<group>"; };
		A8927EC455C26543E0124AC3 /* Pods-Stalker.debug.xcconfig */ = {isa = PBXFileReference; includeInIndex = 1; lastKnownFileType = text.xcconfig; name = "Pods-Stalker.debug.xcconfig"; path = "Target Support Files/Pods-Stalker/Pods-Stalker.debug.xcconfig"; sourceTree = "<group>"; };
		AE188CF8EEA339DFF66B148C /* Pods_Stalker.framework */ = {isa = PBXFileReference; explicitFileType = wrapper.framework; includeInIndex = 0; path = Pods_Stalker.framework; sourceTree = BUILT_PRODUCTS_DIR; };
		FAD78B562EC1A3D27C7AF466 /* Pods-Stalker.release.xcconfig */ = {isa = PBXFileReference; includeInIndex = 1; lastKnownFileType = text.xcconfig; name = "Pods-Stalker.release.xcconfig"; path = "Target Support Files/Pods-Stalker/Pods-Stalker.release.xcconfig"; sourceTree = "<group>"; };
/* End PBXFileReference section */

/* Begin PBXFrameworksBuildPhase section */
		8A13BA22227BC9F500E8617F /* Frameworks */ = {
			isa = PBXFrameworksBuildPhase;
			buildActionMask = 2147483647;
			files = (
				FABD8215D44E75BBFEF45746 /* Pods_Stalker.framework in Frameworks */,
			);
			runOnlyForDeploymentPostprocessing = 0;
		};
		8A13BA36227BC9F600E8617F /* Frameworks */ = {
			isa = PBXFrameworksBuildPhase;
			buildActionMask = 2147483647;
			files = (
				297EF0A5348622044257902E /* Pods_StalkerTests.framework in Frameworks */,
			);
			runOnlyForDeploymentPostprocessing = 0;
		};
/* End PBXFrameworksBuildPhase section */

/* Begin PBXGroup section */
		8A13BA1C227BC9F500E8617F = {
			isa = PBXGroup;
			children = (
				8A13BA27227BC9F500E8617F /* Stalker */,
				8A13BA3C227BC9F600E8617F /* StalkerTests */,
				8A13BA26227BC9F500E8617F /* Products */,
				FD171DCAF51DDEB03DF0E85A /* Pods */,
				D01334324C4E1CD3B13B7D09 /* Frameworks */,
			);
			sourceTree = "<group>";
		};
		8A13BA26227BC9F500E8617F /* Products */ = {
			isa = PBXGroup;
			children = (
				8A13BA25227BC9F500E8617F /* Stalker.app */,
				8A13BA39227BC9F600E8617F /* StalkerTests.xctest */,
			);
			name = Products;
			sourceTree = "<group>";
		};
		8A13BA27227BC9F500E8617F /* Stalker */ = {
			isa = PBXGroup;
			children = (
				8A13BA4E227BDA4700E8617F /* Models */,
				8A13BA28227BC9F500E8617F /* AppDelegate.swift */,
				8A13BA4A227BD02C00E8617F /* StalkerNetworkService.swift */,
				8A13BA2C227BC9F500E8617F /* Main.storyboard */,
				8A13BA2F227BC9F600E8617F /* Assets.xcassets */,
				8A13BA31227BC9F600E8617F /* LaunchScreen.storyboard */,
				8A13BA34227BC9F600E8617F /* Info.plist */,
				8A13BA48227BCB1000E8617F /* Podfile */,
				8A13BA51227BE05B00E8617F /* ArticleListViewController.swift */,
				8A13BA52227BE05B00E8617F /* ArticleListViewController.xib */,
				8A3318A4227E024300920A97 /* ArticleListTableViewCell.swift */,
				8A3318A5227E024300920A97 /* ArticleListTableViewCell.xib */,
				8A3318A8227E026200920A97 /* ArticleListLoadMoreTableViewCell.swift */,
				8A3318A9227E026200920A97 /* ArticleListLoadMoreTableViewCell.xib */,
				8ADDC422227E94A3004FB625 /* ArticleContentViewController.swift */,
				8ADDC423227E94A3004FB625 /* ArticleContentViewController.xib */,
				8ADDC428227F5748004FB625 /* ArticleListHeaderView.swift */,
				8ADDC42A227F575C004FB625 /* ArticleListHeaderView.xib */,
			);
			path = Stalker;
			sourceTree = "<group>";
		};
		8A13BA3C227BC9F600E8617F /* StalkerTests */ = {
			isa = PBXGroup;
			children = (
				8A13BA3D227BC9F600E8617F /* StalkerTests.swift */,
				8A13BA3F227BC9F600E8617F /* Info.plist */,
			);
			path = StalkerTests;
			sourceTree = "<group>";
		};
		8A13BA4E227BDA4700E8617F /* Models */ = {
			isa = PBXGroup;
			children = (
				8A13BA4C227BDA3E00E8617F /* NewsArticle.swift */,
				8A13BA4F227BDA9400E8617F /* NewsArticles.swift */,
			);
			path = Models;
			sourceTree = "<group>";
		};
		D01334324C4E1CD3B13B7D09 /* Frameworks */ = {
			isa = PBXGroup;
			children = (
				AE188CF8EEA339DFF66B148C /* Pods_Stalker.framework */,
				00F9707D38B4F0AF0F63BAFB /* Pods_StalkerTests.framework */,
			);
			name = Frameworks;
			sourceTree = "<group>";
		};
		FD171DCAF51DDEB03DF0E85A /* Pods */ = {
			isa = PBXGroup;
			children = (
				A8927EC455C26543E0124AC3 /* Pods-Stalker.debug.xcconfig */,
				FAD78B562EC1A3D27C7AF466 /* Pods-Stalker.release.xcconfig */,
				362D0F921979425C164B3263 /* Pods-StalkerTests.debug.xcconfig */,
				90060655A2CA5F077DA24990 /* Pods-StalkerTests.release.xcconfig */,
			);
			path = Pods;
			sourceTree = "<group>";
		};
/* End PBXGroup section */

/* Begin PBXNativeTarget section */
		8A13BA24227BC9F500E8617F /* Stalker */ = {
			isa = PBXNativeTarget;
			buildConfigurationList = 8A13BA42227BC9F600E8617F /* Build configuration list for PBXNativeTarget "Stalker" */;
			buildPhases = (
				47B32756FB0B129CAC74B392 /* [CP] Check Pods Manifest.lock */,
				8A13BA21227BC9F500E8617F /* Sources */,
				8A13BA22227BC9F500E8617F /* Frameworks */,
				8A13BA23227BC9F500E8617F /* Resources */,
				EFFD9752A740EA4017E57DD2 /* [CP] Embed Pods Frameworks */,
			);
			buildRules = (
			);
			dependencies = (
			);
			name = Stalker;
			productName = Stalker;
			productReference = 8A13BA25227BC9F500E8617F /* Stalker.app */;
			productType = "com.apple.product-type.application";
		};
		8A13BA38227BC9F600E8617F /* StalkerTests */ = {
			isa = PBXNativeTarget;
			buildConfigurationList = 8A13BA45227BC9F600E8617F /* Build configuration list for PBXNativeTarget "StalkerTests" */;
			buildPhases = (
				AB42703EE34EB94F351872E2 /* [CP] Check Pods Manifest.lock */,
				8A13BA35227BC9F600E8617F /* Sources */,
				8A13BA36227BC9F600E8617F /* Frameworks */,
				8A13BA37227BC9F600E8617F /* Resources */,
			);
			buildRules = (
			);
			dependencies = (
				8A13BA3B227BC9F600E8617F /* PBXTargetDependency */,
			);
			name = StalkerTests;
			productName = StalkerTests;
			productReference = 8A13BA39227BC9F600E8617F /* StalkerTests.xctest */;
			productType = "com.apple.product-type.bundle.unit-test";
		};
/* End PBXNativeTarget section */

/* Begin PBXProject section */
		8A13BA1D227BC9F500E8617F /* Project object */ = {
			isa = PBXProject;
			attributes = {
				LastSwiftUpdateCheck = 1020;
				LastUpgradeCheck = 1020;
				ORGANIZATIONNAME = "Michael Simard";
				TargetAttributes = {
					8A13BA24227BC9F500E8617F = {
						CreatedOnToolsVersion = 10.2.1;
					};
					8A13BA38227BC9F600E8617F = {
						CreatedOnToolsVersion = 10.2.1;
						TestTargetID = 8A13BA24227BC9F500E8617F;
					};
				};
			};
			buildConfigurationList = 8A13BA20227BC9F500E8617F /* Build configuration list for PBXProject "Stalker" */;
			compatibilityVersion = "Xcode 9.3";
			developmentRegion = en;
			hasScannedForEncodings = 0;
			knownRegions = (
				en,
				Base,
			);
			mainGroup = 8A13BA1C227BC9F500E8617F;
			productRefGroup = 8A13BA26227BC9F500E8617F /* Products */;
			projectDirPath = "";
			projectRoot = "";
			targets = (
				8A13BA24227BC9F500E8617F /* Stalker */,
				8A13BA38227BC9F600E8617F /* StalkerTests */,
			);
		};
/* End PBXProject section */

/* Begin PBXResourcesBuildPhase section */
		8A13BA23227BC9F500E8617F /* Resources */ = {
			isa = PBXResourcesBuildPhase;
			buildActionMask = 2147483647;
			files = (
				8A13BA33227BC9F600E8617F /* LaunchScreen.storyboard in Resources */,
				8ADDC42B227F575C004FB625 /* ArticleListHeaderView.xib in Resources */,
				8A3318A7227E024300920A97 /* ArticleListTableViewCell.xib in Resources */,
				8ADDC425227E94A3004FB625 /* ArticleContentViewController.xib in Resources */,
				8A3318AB227E026200920A97 /* ArticleListLoadMoreTableViewCell.xib in Resources */,
				8A13BA30227BC9F600E8617F /* Assets.xcassets in Resources */,
				8A13BA49227BCB1000E8617F /* Podfile in Resources */,
				8A13BA54227BE05B00E8617F /* ArticleListViewController.xib in Resources */,
				8A13BA2E227BC9F500E8617F /* Main.storyboard in Resources */,
			);
			runOnlyForDeploymentPostprocessing = 0;
		};
		8A13BA37227BC9F600E8617F /* Resources */ = {
			isa = PBXResourcesBuildPhase;
			buildActionMask = 2147483647;
			files = (
			);
			runOnlyForDeploymentPostprocessing = 0;
		};
/* End PBXResourcesBuildPhase section */

/* Begin PBXShellScriptBuildPhase section */
		47B32756FB0B129CAC74B392 /* [CP] Check Pods Manifest.lock */ = {
			isa = PBXShellScriptBuildPhase;
			buildActionMask = 2147483647;
			files = (
			);
			inputFileListPaths = (
			);
			inputPaths = (
				"${PODS_PODFILE_DIR_PATH}/Podfile.lock",
				"${PODS_ROOT}/Manifest.lock",
			);
			name = "[CP] Check Pods Manifest.lock";
			outputFileListPaths = (
			);
			outputPaths = (
				"$(DERIVED_FILE_DIR)/Pods-Stalker-checkManifestLockResult.txt",
			);
			runOnlyForDeploymentPostprocessing = 0;
			shellPath = /bin/sh;
			shellScript = "diff \"${PODS_PODFILE_DIR_PATH}/Podfile.lock\" \"${PODS_ROOT}/Manifest.lock\" > /dev/null\nif [ $? != 0 ] ; then\n    # print error to STDERR\n    echo \"error: The sandbox is not in sync with the Podfile.lock. Run 'pod install' or update your CocoaPods installation.\" >&2\n    exit 1\nfi\n# This output is used by Xcode 'outputs' to avoid re-running this script phase.\necho \"SUCCESS\" > \"${SCRIPT_OUTPUT_FILE_0}\"\n";
			showEnvVarsInLog = 0;
		};
		AB42703EE34EB94F351872E2 /* [CP] Check Pods Manifest.lock */ = {
			isa = PBXShellScriptBuildPhase;
			buildActionMask = 2147483647;
			files = (
			);
			inputFileListPaths = (
			);
			inputPaths = (
				"${PODS_PODFILE_DIR_PATH}/Podfile.lock",
				"${PODS_ROOT}/Manifest.lock",
			);
			name = "[CP] Check Pods Manifest.lock";
			outputFileListPaths = (
			);
			outputPaths = (
				"$(DERIVED_FILE_DIR)/Pods-StalkerTests-checkManifestLockResult.txt",
			);
			runOnlyForDeploymentPostprocessing = 0;
			shellPath = /bin/sh;
			shellScript = "diff \"${PODS_PODFILE_DIR_PATH}/Podfile.lock\" \"${PODS_ROOT}/Manifest.lock\" > /dev/null\nif [ $? != 0 ] ; then\n    # print error to STDERR\n    echo \"error: The sandbox is not in sync with the Podfile.lock. Run 'pod install' or update your CocoaPods installation.\" >&2\n    exit 1\nfi\n# This output is used by Xcode 'outputs' to avoid re-running this script phase.\necho \"SUCCESS\" > \"${SCRIPT_OUTPUT_FILE_0}\"\n";
			showEnvVarsInLog = 0;
		};
		EFFD9752A740EA4017E57DD2 /* [CP] Embed Pods Frameworks */ = {
			isa = PBXShellScriptBuildPhase;
			buildActionMask = 2147483647;
			files = (
			);
			inputFileListPaths = (
			);
			inputPaths = (
				"${PODS_ROOT}/Target Support Files/Pods-Stalker/Pods-Stalker-frameworks.sh",
				"${BUILT_PRODUCTS_DIR}/AFNetworking/AFNetworking.framework",
			);
			name = "[CP] Embed Pods Frameworks";
			outputFileListPaths = (
			);
			outputPaths = (
				"${TARGET_BUILD_DIR}/${FRAMEWORKS_FOLDER_PATH}/AFNetworking.framework",
			);
			runOnlyForDeploymentPostprocessing = 0;
			shellPath = /bin/sh;
			shellScript = "\"${PODS_ROOT}/Target Support Files/Pods-Stalker/Pods-Stalker-frameworks.sh\"\n";
			showEnvVarsInLog = 0;
		};
/* End PBXShellScriptBuildPhase section */

/* Begin PBXSourcesBuildPhase section */
		8A13BA21227BC9F500E8617F /* Sources */ = {
			isa = PBXSourcesBuildPhase;
			buildActionMask = 2147483647;
			files = (
				8ADDC424227E94A3004FB625 /* ArticleContentViewController.swift in Sources */,
				8A13BA50227BDA9400E8617F /* NewsArticles.swift in Sources */,
				8A13BA4D227BDA3E00E8617F /* NewsArticle.swift in Sources */,
				8A13BA53227BE05B00E8617F /* ArticleListViewController.swift in Sources */,
				8A13BA4B227BD02C00E8617F /* StalkerNetworkService.swift in Sources */,
				8A13BA29227BC9F500E8617F /* AppDelegate.swift in Sources */,
				8ADDC429227F5748004FB625 /* ArticleListHeaderView.swift in Sources */,
				8A3318A6227E024300920A97 /* ArticleListTableViewCell.swift in Sources */,
				8A3318AA227E026200920A97 /* ArticleListLoadMoreTableViewCell.swift in Sources */,
			);
			runOnlyForDeploymentPostprocessing = 0;
		};
		8A13BA35227BC9F600E8617F /* Sources */ = {
			isa = PBXSourcesBuildPhase;
			buildActionMask = 2147483647;
			files = (
				8A13BA3E227BC9F600E8617F /* StalkerTests.swift in Sources */,
			);
			runOnlyForDeploymentPostprocessing = 0;
		};
/* End PBXSourcesBuildPhase section */

/* Begin PBXTargetDependency section */
		8A13BA3B227BC9F600E8617F /* PBXTargetDependency */ = {
			isa = PBXTargetDependency;
			target = 8A13BA24227BC9F500E8617F /* Stalker */;
			targetProxy = 8A13BA3A227BC9F600E8617F /* PBXContainerItemProxy */;
		};
/* End PBXTargetDependency section */

/* Begin PBXVariantGroup section */
		8A13BA2C227BC9F500E8617F /* Main.storyboard */ = {
			isa = PBXVariantGroup;
			children = (
				8A13BA2D227BC9F500E8617F /* Base */,
			);
			name = Main.storyboard;
			sourceTree = "<group>";
		};
		8A13BA31227BC9F600E8617F /* LaunchScreen.storyboard */ = {
			isa = PBXVariantGroup;
			children = (
				8A13BA32227BC9F600E8617F /* Base */,
			);
			name = LaunchScreen.storyboard;
			sourceTree = "<group>";
		};
/* End PBXVariantGroup section */

/* Begin XCBuildConfiguration section */
		8A13BA40227BC9F600E8617F /* Debug */ = {
			isa = XCBuildConfiguration;
			buildSettings = {
				ALWAYS_SEARCH_USER_PATHS = NO;
				CLANG_ANALYZER_NONNULL = YES;
				CLANG_ANALYZER_NUMBER_OBJECT_CONVERSION = YES_AGGRESSIVE;
				CLANG_CXX_LANGUAGE_STANDARD = "gnu++14";
				CLANG_CXX_LIBRARY = "libc++";
				CLANG_ENABLE_MODULES = YES;
				CLANG_ENABLE_OBJC_ARC = YES;
				CLANG_ENABLE_OBJC_WEAK = YES;
				CLANG_WARN_BLOCK_CAPTURE_AUTORELEASING = YES;
				CLANG_WARN_BOOL_CONVERSION = YES;
				CLANG_WARN_COMMA = YES;
				CLANG_WARN_CONSTANT_CONVERSION = YES;
				CLANG_WARN_DEPRECATED_OBJC_IMPLEMENTATIONS = YES;
				CLANG_WARN_DIRECT_OBJC_ISA_USAGE = YES_ERROR;
				CLANG_WARN_DOCUMENTATION_COMMENTS = YES;
				CLANG_WARN_EMPTY_BODY = YES;
				CLANG_WARN_ENUM_CONVERSION = YES;
				CLANG_WARN_INFINITE_RECURSION = YES;
				CLANG_WARN_INT_CONVERSION = YES;
				CLANG_WARN_NON_LITERAL_NULL_CONVERSION = YES;
				CLANG_WARN_OBJC_IMPLICIT_RETAIN_SELF = YES;
				CLANG_WARN_OBJC_LITERAL_CONVERSION = YES;
				CLANG_WARN_OBJC_ROOT_CLASS = YES_ERROR;
				CLANG_WARN_RANGE_LOOP_ANALYSIS = YES;
				CLANG_WARN_STRICT_PROTOTYPES = YES;
				CLANG_WARN_SUSPICIOUS_MOVE = YES;
				CLANG_WARN_UNGUARDED_AVAILABILITY = YES_AGGRESSIVE;
				CLANG_WARN_UNREACHABLE_CODE = YES;
				CLANG_WARN__DUPLICATE_METHOD_MATCH = YES;
				CODE_SIGN_IDENTITY = "iPhone Developer";
				COPY_PHASE_STRIP = NO;
				DEBUG_INFORMATION_FORMAT = dwarf;
				ENABLE_STRICT_OBJC_MSGSEND = YES;
				ENABLE_TESTABILITY = YES;
				GCC_C_LANGUAGE_STANDARD = gnu11;
				GCC_DYNAMIC_NO_PIC = NO;
				GCC_NO_COMMON_BLOCKS = YES;
				GCC_OPTIMIZATION_LEVEL = 0;
				GCC_PREPROCESSOR_DEFINITIONS = (
					"DEBUG=1",
					"$(inherited)",
				);
				GCC_WARN_64_TO_32_BIT_CONVERSION = YES;
				GCC_WARN_ABOUT_RETURN_TYPE = YES_ERROR;
				GCC_WARN_UNDECLARED_SELECTOR = YES;
				GCC_WARN_UNINITIALIZED_AUTOS = YES_AGGRESSIVE;
				GCC_WARN_UNUSED_FUNCTION = YES;
				GCC_WARN_UNUSED_VARIABLE = YES;
				IPHONEOS_DEPLOYMENT_TARGET = 12.2;
				MTL_ENABLE_DEBUG_INFO = INCLUDE_SOURCE;
				MTL_FAST_MATH = YES;
				ONLY_ACTIVE_ARCH = YES;
				SDKROOT = iphoneos;
				SWIFT_ACTIVE_COMPILATION_CONDITIONS = DEBUG;
				SWIFT_OPTIMIZATION_LEVEL = "-Onone";
			};
			name = Debug;
		};
		8A13BA41227BC9F600E8617F /* Release */ = {
			isa = XCBuildConfiguration;
			buildSettings = {
				ALWAYS_SEARCH_USER_PATHS = NO;
				CLANG_ANALYZER_NONNULL = YES;
				CLANG_ANALYZER_NUMBER_OBJECT_CONVERSION = YES_AGGRESSIVE;
				CLANG_CXX_LANGUAGE_STANDARD = "gnu++14";
				CLANG_CXX_LIBRARY = "libc++";
				CLANG_ENABLE_MODULES = YES;
				CLANG_ENABLE_OBJC_ARC = YES;
				CLANG_ENABLE_OBJC_WEAK = YES;
				CLANG_WARN_BLOCK_CAPTURE_AUTORELEASING = YES;
				CLANG_WARN_BOOL_CONVERSION = YES;
				CLANG_WARN_COMMA = YES;
				CLANG_WARN_CONSTANT_CONVERSION = YES;
				CLANG_WARN_DEPRECATED_OBJC_IMPLEMENTATIONS = YES;
				CLANG_WARN_DIRECT_OBJC_ISA_USAGE = YES_ERROR;
				CLANG_WARN_DOCUMENTATION_COMMENTS = YES;
				CLANG_WARN_EMPTY_BODY = YES;
				CLANG_WARN_ENUM_CONVERSION = YES;
				CLANG_WARN_INFINITE_RECURSION = YES;
				CLANG_WARN_INT_CONVERSION = YES;
				CLANG_WARN_NON_LITERAL_NULL_CONVERSION = YES;
				CLANG_WARN_OBJC_IMPLICIT_RETAIN_SELF = YES;
				CLANG_WARN_OBJC_LITERAL_CONVERSION = YES;
				CLANG_WARN_OBJC_ROOT_CLASS = YES_ERROR;
				CLANG_WARN_RANGE_LOOP_ANALYSIS = YES;
				CLANG_WARN_STRICT_PROTOTYPES = YES;
				CLANG_WARN_SUSPICIOUS_MOVE = YES;
				CLANG_WARN_UNGUARDED_AVAILABILITY = YES_AGGRESSIVE;
				CLANG_WARN_UNREACHABLE_CODE = YES;
				CLANG_WARN__DUPLICATE_METHOD_MATCH = YES;
				CODE_SIGN_IDENTITY = "iPhone Developer";
				COPY_PHASE_STRIP = NO;
				DEBUG_INFORMATION_FORMAT = "dwarf-with-dsym";
				ENABLE_NS_ASSERTIONS = NO;
				ENABLE_STRICT_OBJC_MSGSEND = YES;
				GCC_C_LANGUAGE_STANDARD = gnu11;
				GCC_NO_COMMON_BLOCKS = YES;
				GCC_WARN_64_TO_32_BIT_CONVERSION = YES;
				GCC_WARN_ABOUT_RETURN_TYPE = YES_ERROR;
				GCC_WARN_UNDECLARED_SELECTOR = YES;
				GCC_WARN_UNINITIALIZED_AUTOS = YES_AGGRESSIVE;
				GCC_WARN_UNUSED_FUNCTION = YES;
				GCC_WARN_UNUSED_VARIABLE = YES;
				IPHONEOS_DEPLOYMENT_TARGET = 12.2;
				MTL_ENABLE_DEBUG_INFO = NO;
				MTL_FAST_MATH = YES;
				SDKROOT = iphoneos;
				SWIFT_COMPILATION_MODE = wholemodule;
				SWIFT_OPTIMIZATION_LEVEL = "-O";
				VALIDATE_PRODUCT = YES;
			};
			name = Release;
		};
		8A13BA43227BC9F600E8617F /* Debug */ = {
			isa = XCBuildConfiguration;
			baseConfigurationReference = A8927EC455C26543E0124AC3 /* Pods-Stalker.debug.xcconfig */;
			buildSettings = {
				ASSETCATALOG_COMPILER_APPICON_NAME = AppIcon;
				CODE_SIGN_STYLE = Automatic;
				DEVELOPMENT_TEAM = 3355T75KAW;
				INFOPLIST_FILE = Stalker/Info.plist;
				LD_RUNPATH_SEARCH_PATHS = (
					"$(inherited)",
					"@executable_path/Frameworks",
				);
				PRODUCT_BUNDLE_IDENTIFIER = com.michaelsimard.Stalker;
				PRODUCT_NAME = "$(TARGET_NAME)";
				SWIFT_VERSION = 4.2;
				TARGETED_DEVICE_FAMILY = 1;
			};
			name = Debug;
		};
		8A13BA44227BC9F600E8617F /* Release */ = {
			isa = XCBuildConfiguration;
			baseConfigurationReference = FAD78B562EC1A3D27C7AF466 /* Pods-Stalker.release.xcconfig */;
			buildSettings = {
				ASSETCATALOG_COMPILER_APPICON_NAME = AppIcon;
				CODE_SIGN_STYLE = Automatic;
				DEVELOPMENT_TEAM = 3355T75KAW;
				INFOPLIST_FILE = Stalker/Info.plist;
				LD_RUNPATH_SEARCH_PATHS = (
					"$(inherited)",
					"@executable_path/Frameworks",
				);
				PRODUCT_BUNDLE_IDENTIFIER = com.michaelsimard.Stalker;
				PRODUCT_NAME = "$(TARGET_NAME)";
				SWIFT_VERSION = 4.2;
				TARGETED_DEVICE_FAMILY = 1;
			};
			name = Release;
		};
		8A13BA46227BC9F600E8617F /* Debug */ = {
			isa = XCBuildConfiguration;
			baseConfigurationReference = 362D0F921979425C164B3263 /* Pods-StalkerTests.debug.xcconfig */;
			buildSettings = {
				ALWAYS_EMBED_SWIFT_STANDARD_LIBRARIES = YES;
				BUNDLE_LOADER = "$(TEST_HOST)";
				CODE_SIGN_STYLE = Automatic;
				DEVELOPMENT_TEAM = 3355T75KAW;
				INFOPLIST_FILE = StalkerTests/Info.plist;
				LD_RUNPATH_SEARCH_PATHS = (
					"$(inherited)",
					"@executable_path/Frameworks",
					"@loader_path/Frameworks",
				);
				PRODUCT_BUNDLE_IDENTIFIER = com.michaelsimard.StalkerTests;
				PRODUCT_NAME = "$(TARGET_NAME)";
				SWIFT_VERSION = 5.0;
				TARGETED_DEVICE_FAMILY = "1,2";
				TEST_HOST = "$(BUILT_PRODUCTS_DIR)/Stalker.app/Stalker";
			};
			name = Debug;
		};
		8A13BA47227BC9F600E8617F /* Release */ = {
			isa = XCBuildConfiguration;
			baseConfigurationReference = 90060655A2CA5F077DA24990 /* Pods-StalkerTests.release.xcconfig */;
			buildSettings = {
				ALWAYS_EMBED_SWIFT_STANDARD_LIBRARIES = YES;
				BUNDLE_LOADER = "$(TEST_HOST)";
				CODE_SIGN_STYLE = Automatic;
				DEVELOPMENT_TEAM = 3355T75KAW;
				INFOPLIST_FILE = StalkerTests/Info.plist;
				LD_RUNPATH_SEARCH_PATHS = (
					"$(inherited)",
					"@executable_path/Frameworks",
					"@loader_path/Frameworks",
				);
				PRODUCT_BUNDLE_IDENTIFIER = com.michaelsimard.StalkerTests;
				PRODUCT_NAME = "$(TARGET_NAME)";
				SWIFT_VERSION = 5.0;
				TARGETED_DEVICE_FAMILY = "1,2";
				TEST_HOST = "$(BUILT_PRODUCTS_DIR)/Stalker.app/Stalker";
			};
			name = Release;
		};
/* End XCBuildConfiguration section */

/* Begin XCConfigurationList section */
		8A13BA20227BC9F500E8617F /* Build configuration list for PBXProject "Stalker" */ = {
			isa = XCConfigurationList;
			buildConfigurations = (
				8A13BA40227BC9F600E8617F /* Debug */,
				8A13BA41227BC9F600E8617F /* Release */,
			);
			defaultConfigurationIsVisible = 0;
			defaultConfigurationName = Release;
		};
		8A13BA42227BC9F600E8617F /* Build configuration list for PBXNativeTarget "Stalker" */ = {
			isa = XCConfigurationList;
			buildConfigurations = (
				8A13BA43227BC9F600E8617F /* Debug */,
				8A13BA44227BC9F600E8617F /* Release */,
			);
			defaultConfigurationIsVisible = 0;
			defaultConfigurationName = Release;
		};
		8A13BA45227BC9F600E8617F /* Build configuration list for PBXNativeTarget "StalkerTests" */ = {
			isa = XCConfigurationList;
			buildConfigurations = (
				8A13BA46227BC9F600E8617F /* Debug */,
				8A13BA47227BC9F600E8617F /* Release */,
			);
			defaultConfigurationIsVisible = 0;
			defaultConfigurationName = Release;
		};
/* End XCConfigurationList section */
	};
	rootObject = 8A13BA1D227BC9F500E8617F /* Project object */;
}
